
Microsoft Visual Studio Solution File, Format Version 12.00
# Visual Studio Version 17
VisualStudioVersion = 17.8.34525.116
MinimumVisualStudioVersion = 10.0.40219.1
Project("{9A19103F-16F7-4668-BE54-9A1E7A4F7556}") = "LoggingWebsiteProcess", "LoggingWebsiteProcess\LoggingWebsiteProcess.csproj", "{3C6F7A17-171A-4795-A27C-64C524060735}"
EndProject
Project("{9A19103F-16F7-4668-BE54-9A1E7A4F7556}") = "ConsoleAppProcess", "ConsoleAppProcess\ConsoleAppProcess.csproj", "{C2E418FE-4187-41B4-91AA-08FB3991ABAE}"
EndProject
Project("{9A19103F-16F7-4668-BE54-9A1E7A4F7556}") = "ConsoleAppParking", "ConsoleAppParking\ConsoleAppParking.csproj", "{FA5C2F24-DD27-4C0C-8372-A958B6569124}"
EndProject
Global
	GlobalSection(SolutionConfigurationPlatforms) = preSolution
		Debug|Any CPU = Debug|Any CPU
		Release|Any CPU = Release|Any CPU
	EndGlobalSection
	GlobalSection(ProjectConfigurationPlatforms) = postSolution
		{3C6F7A17-171A-4795-A27C-64C524060735}.Debug|Any CPU.ActiveCfg = Debug|Any CPU
		{3C6F7A17-171A-4795-A27C-64C524060735}.Debug|Any CPU.Build.0 = Debug|Any CPU
		{3C6F7A17-171A-4795-A27C-64C524060735}.Release|Any CPU.ActiveCfg = Release|Any CPU
		{3C6F7A17-171A-4795-A27C-64C524060735}.Release|Any CPU.Build.0 = Release|Any CPU
		{C2E418FE-4187-41B4-91AA-08FB3991ABAE}.Debug|Any CPU.ActiveCfg = Debug|Any CPU
		{C2E418FE-4187-41B4-91AA-08FB3991ABAE}.Debug|Any CPU.Build.0 = Debug|Any CPU
		{C2E418FE-4187-41B4-91AA-08FB3991ABAE}.Release|Any CPU.ActiveCfg = Release|Any CPU
		{C2E418FE-4187-41B4-91AA-08FB3991ABAE}.Release|Any CPU.Build.0 = Release|Any CPU
		{FA5C2F24-DD27-4C0C-8372-A958B6569124}.Debug|Any CPU.ActiveCfg = Debug|Any CPU
		{FA5C2F24-DD27-4C0C-8372-A958B6569124}.Debug|Any CPU.Build.0 = Debug|Any CPU
		{FA5C2F24-DD27-4C0C-8372-A958B6569124}.Release|Any CPU.ActiveCfg = Release|Any CPU
		{FA5C2F24-DD27-4C0C-8372-A958B6569124}.Release|Any CPU.Build.0 = Release|Any CPU
	EndGlobalSection
	GlobalSection(SolutionProperties) = preSolution
		HideSolutionNode = FALSE
	EndGlobalSection
	GlobalSection(ExtensibilityGlobals) = postSolution
		SolutionGuid = {088AD43D-2221-4AE3-9B12-460E901C80C8}
	EndGlobalSection
EndGlobal
